
Microsoft Visual Studio Solution File, Format Version 12.00
# Visual Studio Version 17
VisualStudioVersion = 17.6.33712.159
MinimumVisualStudioVersion = 10.0.40219.1
Project("{FAE04EC0-301F-11D3-BF4B-00C04F79EFBC}") = "CharonProject", "CharonProject\CharonProject.csproj", "{311AB8D9-D6F1-4FFA-971C-8F71A63588F9}"
EndProject
Project("{FAE04EC0-301F-11D3-BF4B-00C04F79EFBC}") = "Charon.Commons", "Commons\Charon.Commons.csproj", "{7CBC1DD8-4ABF-46AF-9478-506EC7644D69}"
EndProject
Global
	GlobalSection(SolutionConfigurationPlatforms) = preSolution
		Debug|Any CPU = Debug|Any CPU
		Release|Any CPU = Release|Any CPU
	EndGlobalSection
	GlobalSection(ProjectConfigurationPlatforms) = postSolution
		{311AB8D9-D6F1-4FFA-971C-8F71A63588F9}.Debug|Any CPU.ActiveCfg = Debug|Any CPU
		{311AB8D9-D6F1-4FFA-971C-8F71A63588F9}.Debug|Any CPU.Build.0 = Debug|Any CPU
		{311AB8D9-D6F1-4FFA-971C-8F71A63588F9}.Release|Any CPU.ActiveCfg = Release|Any CPU
		{311AB8D9-D6F1-4FFA-971C-8F71A63588F9}.Release|Any CPU.Build.0 = Release|Any CPU
		{7CBC1DD8-4ABF-46AF-9478-506EC7644D69}.Debug|Any CPU.ActiveCfg = Debug|Any CPU
		{7CBC1DD8-4ABF-46AF-9478-506EC7644D69}.Debug|Any CPU.Build.0 = Debug|Any CPU
		{7CBC1DD8-4ABF-46AF-9478-506EC7644D69}.Release|Any CPU.ActiveCfg = Release|Any CPU
		{7CBC1DD8-4ABF-46AF-9478-506EC7644D69}.Release|Any CPU.Build.0 = Release|Any CPU
	EndGlobalSection
	GlobalSection(SolutionProperties) = preSolution
		HideSolutionNode = FALSE
	EndGlobalSection
	GlobalSection(ExtensibilityGlobals) = postSolution
		SolutionGuid = {C6A864AD-FD75-4103-8D23-7A77D6F5EA4F}
	EndGlobalSection
EndGlobal
